// !$*UTF8*$!
{
	archiveVersion = 1;
	classes = {
	};
	objectVersion = 50;
	objects = {

/* Begin PBXBuildFile section */
		65342800218AFABC00A31A6C /* AppDelegate.m in Sources */ = {isa = PBXBuildFile; fileRef = 653427FF218AFABC00A31A6C /* AppDelegate.m */; };
		65342803218AFABC00A31A6C /* ViewController.m in Sources */ = {isa = PBXBuildFile; fileRef = 65342802218AFABC00A31A6C /* ViewController.m */; };
		65342806218AFABC00A31A6C /* Main.storyboard in Resources */ = {isa = PBXBuildFile; fileRef = 65342804218AFABC00A31A6C /* Main.storyboard */; };
		65342808218AFABD00A31A6C /* Assets.xcassets in Resources */ = {isa = PBXBuildFile; fileRef = 65342807218AFABD00A31A6C /* Assets.xcassets */; };
		6534280B218AFABD00A31A6C /* LaunchScreen.storyboard in Resources */ = {isa = PBXBuildFile; fileRef = 65342809218AFABD00A31A6C /* LaunchScreen.storyboard */; };
		6534280E218AFABD00A31A6C /* main.m in Sources */ = {isa = PBXBuildFile; fileRef = 6534280D218AFABD00A31A6C /* main.m */; };
		65342816218AFAE700A31A6C /* newViewController.m in Sources */ = {isa = PBXBuildFile; fileRef = 65342815218AFAE700A31A6C /* newViewController.m */; };
		6588B4A1218BF36800538528 /* newnewViewController.m in Sources */ = {isa = PBXBuildFile; fileRef = 6588B4A0218BF36800538528 /* newnewViewController.m */; };
/* End PBXBuildFile section */

/* Begin PBXFileReference section */
		653427FB218AFABC00A31A6C /* demo-1.app */ = {isa = PBXFileReference; explicitFileType = wrapper.application; includeInIndex = 0; path = "demo-1.app"; sourceTree = BUILT_PRODUCTS_DIR; };
		653427FE218AFABC00A31A6C /* AppDelegate.h */ = {isa = PBXFileReference; lastKnownFileType = sourcecode.c.h; path = AppDelegate.h; sourceTree = "<group>"; };
		653427FF218AFABC00A31A6C /* AppDelegate.m */ = {isa = PBXFileReference; lastKnownFileType = sourcecode.c.objc; path = AppDelegate.m; sourceTree = "<group>"; };
		65342801218AFABC00A31A6C /* ViewController.h */ = {isa = PBXFileReference; lastKnownFileType = sourcecode.c.h; path = ViewController.h; sourceTree = "<group>"; };
		65342802218AFABC00A31A6C /* ViewController.m */ = {isa = PBXFileReference; lastKnownFileType = sourcecode.c.objc; path = ViewController.m; sourceTree = "<group>"; };
		65342805218AFABC00A31A6C /* Base */ = {isa = PBXFileReference; lastKnownFileType = file.storyboard; name = Base; path = Base.lproj/Main.storyboard; sourceTree = "<group>"; };
		65342807218AFABD00A31A6C /* Assets.xcassets */ = {isa = PBXFileReference; lastKnownFileType = folder.assetcatalog; path = Assets.xcassets; sourceTree = "<group>"; };
		6534280A218AFABD00A31A6C /* Base */ = {isa = PBXFileReference; lastKnownFileType = file.storyboard; name = Base; path = Base.lproj/LaunchScreen.storyboard; sourceTree = "<group>"; };
		6534280C218AFABD00A31A6C /* Info.plist */ = {isa = PBXFileReference; lastKnownFileType = text.plist.xml; path = Info.plist; sourceTree = "<group>"; };
		6534280D218AFABD00A31A6C /* main.m */ = {isa = PBXFileReference; lastKnownFileType = sourcecode.c.objc; path = main.m; sourceTree = "<group>"; };
		65342814218AFAE700A31A6C /* newViewController.h */ = {isa = PBXFileReference; lastKnownFileType = sourcecode.c.h; path = newViewController.h; sourceTree = "<group>"; };
		65342815218AFAE700A31A6C /* newViewController.m */ = {isa = PBXFileReference; lastKnownFileType = sourcecode.c.objc; path = newViewController.m; sourceTree = "<group>"; };
		6588B49F218BF36800538528 /* newnewViewController.h */ = {isa = PBXFileReference; lastKnownFileType = sourcecode.c.h; path = newnewViewController.h; sourceTree = "<group>"; };
		6588B4A0218BF36800538528 /* newnewViewController.m */ = {isa = PBXFileReference; lastKnownFileType = sourcecode.c.objc; path = newnewViewController.m; sourceTree = "<group>"; };
/* End PBXFileReference section */

/* Begin PBXFrameworksBuildPhase section */
		653427F8218AFABC00A31A6C /* Frameworks */ = {
			isa = PBXFrameworksBuildPhase;
			buildActionMask = 2147483647;
			files = (
			);
			runOnlyForDeploymentPostprocessing = 0;
		};
/* End PBXFrameworksBuildPhase section */

/* Begin PBXGroup section */
		653427F2218AFABB00A31A6C = {
			isa = PBXGroup;
			children = (
				653427FD218AFABC00A31A6C /* demo-1 */,
				653427FC218AFABC00A31A6C /* Products */,
			);
			sourceTree = "<group>";
		};
		653427FC218AFABC00A31A6C /* Products */ = {
			isa = PBXGroup;
			children = (
				653427FB218AFABC00A31A6C /* demo-1.app */,
			);
			name = Products;
			sourceTree = "<group>";
		};
		653427FD218AFABC00A31A6C /* demo-1 */ = {
			isa = PBXGroup;
			children = (
				653427FE218AFABC00A31A6C /* AppDelegate.h */,
				653427FF218AFABC00A31A6C /* AppDelegate.m */,
				65342801218AFABC00A31A6C /* ViewController.h */,
				65342802218AFABC00A31A6C /* ViewController.m */,
				65342814218AFAE700A31A6C /* newViewController.h */,
				65342815218AFAE700A31A6C /* newViewController.m */,
				6588B49F218BF36800538528 /* newnewViewController.h */,
				6588B4A0218BF36800538528 /* newnewViewController.m */,
				65342804218AFABC00A31A6C /* Main.storyboard */,
				65342807218AFABD00A31A6C /* Assets.xcassets */,
				65342809218AFABD00A31A6C /* LaunchScreen.storyboard */,
				6534280C218AFABD00A31A6C /* Info.plist */,
				6534280D218AFABD00A31A6C /* main.m */,
			);
			path = "demo-1";
			sourceTree = "<group>";
		};
/* End PBXGroup section */

/* Begin PBXNativeTarget section */
		653427FA218AFABC00A31A6C /* demo-1 */ = {
			isa = PBXNativeTarget;
			buildConfigurationList = 65342811218AFABD00A31A6C /* Build configuration list for PBXNativeTarget "demo-1" */;
			buildPhases = (
				653427F7218AFABC00A31A6C /* Sources */,
				653427F8218AFABC00A31A6C /* Frameworks */,
				653427F9218AFABC00A31A6C /* Resources */,
			);
			buildRules = (
			);
			dependencies = (
			);
			name = "demo-1";
			productName = "demo-1";
			productReference = 653427FB218AFABC00A31A6C /* demo-1.app */;
			productType = "com.apple.product-type.application";
		};
/* End PBXNativeTarget section */

/* Begin PBXProject section */
		653427F3218AFABB00A31A6C /* Project object */ = {
			isa = PBXProject;
			attributes = {
				LastUpgradeCheck = 1010;
				ORGANIZATIONNAME = "彭盛凇";
				TargetAttributes = {
					653427FA218AFABC00A31A6C = {
						CreatedOnToolsVersion = 10.1;
					};
				};
			};
			buildConfigurationList = 653427F6218AFABB00A31A6C /* Build configuration list for PBXProject "demo-1" */;
			compatibilityVersion = "Xcode 9.3";
			developmentRegion = en;
			hasScannedForEncodings = 0;
			knownRegions = (
				en,
				Base,
			);
			mainGroup = 653427F2218AFABB00A31A6C;
			productRefGroup = 653427FC218AFABC00A31A6C /* Products */;
			projectDirPath = "";
			projectRoot = "";
			targets = (
				653427FA218AFABC00A31A6C /* demo-1 */,
			);
		};
/* End PBXProject section */

/* Begin PBXResourcesBuildPhase section */
		653427F9218AFABC00A31A6C /* Resources */ = {
			isa = PBXResourcesBuildPhase;
			buildActionMask = 2147483647;
			files = (
				6534280B218AFABD00A31A6C /* LaunchScreen.storyboard in Resources */,
				65342808218AFABD00A31A6C /* Assets.xcassets in Resources */,
				65342806218AFABC00A31A6C /* Main.storyboard in Resources */,
			);
			runOnlyForDeploymentPostprocessing = 0;
		};
/* End PBXResourcesBuildPhase section */

/* Begin PBXSourcesBuildPhase section */
		653427F7218AFABC00A31A6C /* Sources */ = {
			isa = PBXSourcesBuildPhase;
			buildActionMask = 2147483647;
			files = (
				6588B4A1218BF36800538528 /* newnewViewController.m in Sources */,
				65342803218AFABC00A31A6C /* ViewController.m in Sources */,
				6534280E218AFABD00A31A6C /* main.m in Sources */,
				65342800218AFABC00A31A6C /* AppDelegate.m in Sources */,
				65342816218AFAE700A31A6C /* newViewController.m in Sources */,
			);
			runOnlyForDeploymentPostprocessing = 0;
		};
/* End PBXSourcesBuildPhase section */

/* Begin PBXVariantGroup section */
		65342804218AFABC00A31A6C /* Main.storyboard */ = {
			isa = PBXVariantGroup;
			children = (
				65342805218AFABC00A31A6C /* Base */,
			);
			name = Main.storyboard;
			sourceTree = "<group>";
		};
		65342809218AFABD00A31A6C /* LaunchScreen.storyboard */ = {
			isa = PBXVariantGroup;
			children = (
				6534280A218AFABD00A31A6C /* Base */,
			);
			name = LaunchScreen.storyboard;
			sourceTree = "<group>";
		};
/* End PBXVariantGroup section */

/* Begin XCBuildConfiguration section */
		6534280F218AFABD00A31A6C /* Debug */ = {
			isa = XCBuildConfiguration;
			buildSettings = {
				ALWAYS_SEARCH_USER_PATHS = NO;
				CLANG_ANALYZER_NONNULL = YES;
				CLANG_ANALYZER_NUMBER_OBJECT_CONVERSION = YES_AGGRESSIVE;
				CLANG_CXX_LANGUAGE_STANDARD = "gnu++14";
				CLANG_CXX_LIBRARY = "libc++";
				CLANG_ENABLE_MODULES = YES;
				CLANG_ENABLE_OBJC_ARC = YES;
				CLANG_ENABLE_OBJC_WEAK = YES;
				CLANG_WARN_BLOCK_CAPTURE_AUTORELEASING = YES;
				CLANG_WARN_BOOL_CONVERSION = YES;
				CLANG_WARN_COMMA = YES;
				CLANG_WARN_CONSTANT_CONVERSION = YES;
				CLANG_WARN_DEPRECATED_OBJC_IMPLEMENTATIONS = YES;
				CLANG_WARN_DIRECT_OBJC_ISA_USAGE = YES_ERROR;
				CLANG_WARN_DOCUMENTATION_COMMENTS = YES;
				CLANG_WARN_EMPTY_BODY = YES;
				CLANG_WARN_ENUM_CONVERSION = YES;
				CLANG_WARN_INFINITE_RECURSION = YES;
				CLANG_WARN_INT_CONVERSION = YES;
				CLANG_WARN_NON_LITERAL_NULL_CONVERSION = YES;
				CLANG_WARN_OBJC_IMPLICIT_RETAIN_SELF = YES;
				CLANG_WARN_OBJC_LITERAL_CONVERSION = YES;
				CLANG_WARN_OBJC_ROOT_CLASS = YES_ERROR;
				CLANG_WARN_RANGE_LOOP_ANALYSIS = YES;
				CLANG_WARN_STRICT_PROTOTYPES = YES;
				CLANG_WARN_SUSPICIOUS_MOVE = YES;
				CLANG_WARN_UNGUARDED_AVAILABILITY = YES_AGGRESSIVE;
				CLANG_WARN_UNREACHABLE_CODE = YES;
				CLANG_WARN__DUPLICATE_METHOD_MATCH = YES;
				CODE_SIGN_IDENTITY = "iPhone Developer";
				COPY_PHASE_STRIP = NO;
				DEBUG_INFORMATION_FORMAT = dwarf;
				ENABLE_STRICT_OBJC_MSGSEND = YES;
				ENABLE_TESTABILITY = YES;
				GCC_C_LANGUAGE_STANDARD = gnu11;
				GCC_DYNAMIC_NO_PIC = NO;
				GCC_NO_COMMON_BLOCKS = YES;
				GCC_OPTIMIZATION_LEVEL = 0;
				GCC_PREPROCESSOR_DEFINITIONS = (
					"DEBUG=1",
					"$(inherited)",
				);
				GCC_WARN_64_TO_32_BIT_CONVERSION = YES;
				GCC_WARN_ABOUT_RETURN_TYPE = YES_ERROR;
				GCC_WARN_UNDECLARED_SELECTOR = YES;
				GCC_WARN_UNINITIALIZED_AUTOS = YES_AGGRESSIVE;
				GCC_WARN_UNUSED_FUNCTION = YES;
				GCC_WARN_UNUSED_VARIABLE = YES;
				IPHONEOS_DEPLOYMENT_TARGET = 12.1;
				MTL_ENABLE_DEBUG_INFO = INCLUDE_SOURCE;
				MTL_FAST_MATH = YES;
				ONLY_ACTIVE_ARCH = YES;
				SDKROOT = iphoneos;
			};
			name = Debug;
		};
		65342810218AFABD00A31A6C /* Release */ = {
			isa = XCBuildConfiguration;
			buildSettings = {
				ALWAYS_SEARCH_USER_PATHS = NO;
				CLANG_ANALYZER_NONNULL = YES;
				CLANG_ANALYZER_NUMBER_OBJECT_CONVERSION = YES_AGGRESSIVE;
				CLANG_CXX_LANGUAGE_STANDARD = "gnu++14";
				CLANG_CXX_LIBRARY = "libc++";
				CLANG_ENABLE_MODULES = YES;
				CLANG_ENABLE_OBJC_ARC = YES;
				CLANG_ENABLE_OBJC_WEAK = YES;
				CLANG_WARN_BLOCK_CAPTURE_AUTORELEASING = YES;
				CLANG_WARN_BOOL_CONVERSION = YES;
				CLANG_WARN_COMMA = YES;
				CLANG_WARN_CONSTANT_CONVERSION = YES;
				CLANG_WARN_DEPRECATED_OBJC_IMPLEMENTATIONS = YES;
				CLANG_WARN_DIRECT_OBJC_ISA_USAGE = YES_ERROR;
				CLANG_WARN_DOCUMENTATION_COMMENTS = YES;
				CLANG_WARN_EMPTY_BODY = YES;
				CLANG_WARN_ENUM_CONVERSION = YES;
				CLANG_WARN_INFINITE_RECURSION = YES;
				CLANG_WARN_INT_CONVERSION = YES;
				CLANG_WARN_NON_LITERAL_NULL_CONVERSION = YES;
				CLANG_WARN_OBJC_IMPLICIT_RETAIN_SELF = YES;
				CLANG_WARN_OBJC_LITERAL_CONVERSION = YES;
				CLANG_WARN_OBJC_ROOT_CLASS = YES_ERROR;
				CLANG_WARN_RANGE_LOOP_ANALYSIS = YES;
				CLANG_WARN_STRICT_PROTOTYPES = YES;
				CLANG_WARN_SUSPICIOUS_MOVE = YES;
				CLANG_WARN_UNGUARDED_AVAILABILITY = YES_AGGRESSIVE;
				CLANG_WARN_UNREACHABLE_CODE = YES;
				CLANG_WARN__DUPLICATE_METHOD_MATCH = YES;
				CODE_SIGN_IDENTITY = "iPhone Developer";
				COPY_PHASE_STRIP = NO;
				DEBUG_INFORMATION_FORMAT = "dwarf-with-dsym";
				ENABLE_NS_ASSERTIONS = NO;
				ENABLE_STRICT_OBJC_MSGSEND = YES;
				GCC_C_LANGUAGE_STANDARD = gnu11;
				GCC_NO_COMMON_BLOCKS = YES;
				GCC_WARN_64_TO_32_BIT_CONVERSION = YES;
				GCC_WARN_ABOUT_RETURN_TYPE = YES_ERROR;
				GCC_WARN_UNDECLARED_SELECTOR = YES;
				GCC_WARN_UNINITIALIZED_AUTOS = YES_AGGRESSIVE;
				GCC_WARN_UNUSED_FUNCTION = YES;
				GCC_WARN_UNUSED_VARIABLE = YES;
				IPHONEOS_DEPLOYMENT_TARGET = 12.1;
				MTL_ENABLE_DEBUG_INFO = NO;
				MTL_FAST_MATH = YES;
				SDKROOT = iphoneos;
				VALIDATE_PRODUCT = YES;
			};
			name = Release;
		};
		65342812218AFABD00A31A6C /* Debug */ = {
			isa = XCBuildConfiguration;
			buildSettings = {
				ASSETCATALOG_COMPILER_APPICON_NAME = AppIcon;
				CODE_SIGN_STYLE = Automatic;
				DEVELOPMENT_TEAM = 8QBKS6FXA6;
				INFOPLIST_FILE = "demo-1/Info.plist";
				LD_RUNPATH_SEARCH_PATHS = (
					"$(inherited)",
					"@executable_path/Frameworks",
				);
				PRODUCT_BUNDLE_IDENTIFIER = "pss.demo-1";
				PRODUCT_NAME = "$(TARGET_NAME)";
				TARGETED_DEVICE_FAMILY = "1,2";
			};
			name = Debug;
		};
		65342813218AFABD00A31A6C /* Release */ = {
			isa = XCBuildConfiguration;
			buildSettings = {
				ASSETCATALOG_COMPILER_APPICON_NAME = AppIcon;
				CODE_SIGN_STYLE = Automatic;
				DEVELOPMENT_TEAM = 8QBKS6FXA6;
				INFOPLIST_FILE = "demo-1/Info.plist";
				LD_RUNPATH_SEARCH_PATHS = (
					"$(inherited)",
					"@executable_path/Frameworks",
				);
				PRODUCT_BUNDLE_IDENTIFIER = "pss.demo-1";
				PRODUCT_NAME = "$(TARGET_NAME)";
				TARGETED_DEVICE_FAMILY = "1,2";
			};
			name = Release;
		};
/* End XCBuildConfiguration section */

/* Begin XCConfigurationList section */
		653427F6218AFABB00A31A6C /* Build configuration list for PBXProject "demo-1" */ = {
			isa = XCConfigurationList;
			buildConfigurations = (
				6534280F218AFABD00A31A6C /* Debug */,
				65342810218AFABD00A31A6C /* Release */,
			);
			defaultConfigurationIsVisible = 0;
			defaultConfigurationName = Release;
		};
		65342811218AFABD00A31A6C /* Build configuration list for PBXNativeTarget "demo-1" */ = {
			isa = XCConfigurationList;
			buildConfigurations = (
				65342812218AFABD00A31A6C /* Debug */,
				65342813218AFABD00A31A6C /* Release */,
			);
			defaultConfigurationIsVisible = 0;
			defaultConfigurationName = Release;
		};
/* End XCConfigurationList section */
	};
	rootObject = 653427F3218AFABB00A31A6C /* Project object */;
}
